// !$*UTF8*$!
{
	archiveVersion = 1;
	classes = {
	};
	objectVersion = 46;
	objects = {

/* Begin PBXBuildFile section */
		2B9C69ED1D0DA4EC00394456 /* AppDelegate.swift in Sources */ = {isa = PBXBuildFile; fileRef = 2B9C69EC1D0DA4EC00394456 /* AppDelegate.swift */; };
		2B9C69EF1D0DA4EC00394456 /* ViewController.swift in Sources */ = {isa = PBXBuildFile; fileRef = 2B9C69EE1D0DA4EC00394456 /* ViewController.swift */; };
		2B9C69F21D0DA4EC00394456 /* Main.storyboard in Resources */ = {isa = PBXBuildFile; fileRef = 2B9C69F01D0DA4EC00394456 /* Main.storyboard */; };
		2B9C69F41D0DA4EC00394456 /* Assets.xcassets in Resources */ = {isa = PBXBuildFile; fileRef = 2B9C69F31D0DA4EC00394456 /* Assets.xcassets */; };
		2B9C69F71D0DA4EC00394456 /* LaunchScreen.storyboard in Resources */ = {isa = PBXBuildFile; fileRef = 2B9C69F51D0DA4EC00394456 /* LaunchScreen.storyboard */; };
		2B9C69FF1D0DA5E700394456 /* AllLists.swift in Sources */ = {isa = PBXBuildFile; fileRef = 2B9C69FE1D0DA5E700394456 /* AllLists.swift */; };
		2B9C6A011D0DA62600394456 /* List.swift in Sources */ = {isa = PBXBuildFile; fileRef = 2B9C6A001D0DA62600394456 /* List.swift */; };
		2B9C6A031D0DA66B00394456 /* AddNewItem.swift in Sources */ = {isa = PBXBuildFile; fileRef = 2B9C6A021D0DA66B00394456 /* AddNewItem.swift */; };
		2B9C6A051D0DAA3600394456 /* ToDoList.swift in Sources */ = {isa = PBXBuildFile; fileRef = 2B9C6A041D0DAA3600394456 /* ToDoList.swift */; };
		2B9C6A071D0DAB5B00394456 /* ToDoItem.swift in Sources */ = {isa = PBXBuildFile; fileRef = 2B9C6A061D0DAB5B00394456 /* ToDoItem.swift */; };
		2B9C6A431D174D0700394456 /* GoogleService-Info.plist in Resources */ = {isa = PBXBuildFile; fileRef = 2B9C6A421D174D0700394456 /* GoogleService-Info.plist */; };
		A4E9293577CC918A66311E15 /* Pods_ToDo.framework in Frameworks */ = {isa = PBXBuildFile; fileRef = F0A26E59211BA4B17F5B8E97 /* Pods_ToDo.framework */; };
/* End PBXBuildFile section */

/* Begin PBXFileReference section */
		038B22875CB3B27518A277A8 /* Pods-ToDo.debug.xcconfig */ = {isa = PBXFileReference; includeInIndex = 1; lastKnownFileType = text.xcconfig; name = "Pods-ToDo.debug.xcconfig"; path = "Pods/Target Support Files/Pods-ToDo/Pods-ToDo.debug.xcconfig"; sourceTree = "<group>"; };
		118C134BEA0CD228BD402F12 /* Pods-ToDo.release.xcconfig */ = {isa = PBXFileReference; includeInIndex = 1; lastKnownFileType = text.xcconfig; name = "Pods-ToDo.release.xcconfig"; path = "Pods/Target Support Files/Pods-ToDo/Pods-ToDo.release.xcconfig"; sourceTree = "<group>"; };
		2B9C69E91D0DA4EC00394456 /* ToDo.app */ = {isa = PBXFileReference; explicitFileType = wrapper.application; includeInIndex = 0; path = ToDo.app; sourceTree = BUILT_PRODUCTS_DIR; };
		2B9C69EC1D0DA4EC00394456 /* AppDelegate.swift */ = {isa = PBXFileReference; lastKnownFileType = sourcecode.swift; path = AppDelegate.swift; sourceTree = "<group>"; };
		2B9C69EE1D0DA4EC00394456 /* ViewController.swift */ = {isa = PBXFileReference; lastKnownFileType = sourcecode.swift; path = ViewController.swift; sourceTree = "<group>"; };
		2B9C69F11D0DA4EC00394456 /* Base */ = {isa = PBXFileReference; lastKnownFileType = file.storyboard; name = Base; path = Base.lproj/Main.storyboard; sourceTree = "<group>"; };
		2B9C69F31D0DA4EC00394456 /* Assets.xcassets */ = {isa = PBXFileReference; lastKnownFileType = folder.assetcatalog; path = Assets.xcassets; sourceTree = "<group>"; };
		2B9C69F61D0DA4EC00394456 /* Base */ = {isa = PBXFileReference; lastKnownFileType = file.storyboard; name = Base; path = Base.lproj/LaunchScreen.storyboard; sourceTree = "<group>"; };
		2B9C69F81D0DA4EC00394456 /* Info.plist */ = {isa = PBXFileReference; lastKnownFileType = text.plist.xml; path = Info.plist; sourceTree = "<group>"; };
		2B9C69FE1D0DA5E700394456 /* AllLists.swift */ = {isa = PBXFileReference; fileEncoding = 4; lastKnownFileType = sourcecode.swift; path = AllLists.swift; sourceTree = "<group>"; };
		2B9C6A001D0DA62600394456 /* List.swift */ = {isa = PBXFileReference; fileEncoding = 4; lastKnownFileType = sourcecode.swift; path = List.swift; sourceTree = "<group>"; };
		2B9C6A021D0DA66B00394456 /* AddNewItem.swift */ = {isa = PBXFileReference; fileEncoding = 4; lastKnownFileType = sourcecode.swift; path = AddNewItem.swift; sourceTree = "<group>"; };
		2B9C6A041D0DAA3600394456 /* ToDoList.swift */ = {isa = PBXFileReference; fileEncoding = 4; lastKnownFileType = sourcecode.swift; path = ToDoList.swift; sourceTree = "<group>"; };
		2B9C6A061D0DAB5B00394456 /* ToDoItem.swift */ = {isa = PBXFileReference; fileEncoding = 4; lastKnownFileType = sourcecode.swift; path = ToDoItem.swift; sourceTree = "<group>"; };
		2B9C6A421D174D0700394456 /* GoogleService-Info.plist */ = {isa = PBXFileReference; fileEncoding = 4; lastKnownFileType = text.plist.xml; path = "GoogleService-Info.plist"; sourceTree = "<group>"; };
		F0A26E59211BA4B17F5B8E97 /* Pods_ToDo.framework */ = {isa = PBXFileReference; explicitFileType = wrapper.framework; includeInIndex = 0; path = Pods_ToDo.framework; sourceTree = BUILT_PRODUCTS_DIR; };
/* End PBXFileReference section */

/* Begin PBXFrameworksBuildPhase section */
		2B9C69E61D0DA4EC00394456 /* Frameworks */ = {
			isa = PBXFrameworksBuildPhase;
			buildActionMask = 2147483647;
			files = (
				A4E9293577CC918A66311E15 /* Pods_ToDo.framework in Frameworks */,
			);
			runOnlyForDeploymentPostprocessing = 0;
		};
/* End PBXFrameworksBuildPhase section */

/* Begin PBXGroup section */
		2B9C69E01D0DA4EC00394456 = {
			isa = PBXGroup;
			children = (
				2B9C69EB1D0DA4EC00394456 /* ToDo */,
				2B9C69EA1D0DA4EC00394456 /* Products */,
				8A95E37EA4C54A938925E05F /* Pods */,
				931907D0B8376D8711164719 /* Frameworks */,
			);
			sourceTree = "<group>";
		};
		2B9C69EA1D0DA4EC00394456 /* Products */ = {
			isa = PBXGroup;
			children = (
				2B9C69E91D0DA4EC00394456 /* ToDo.app */,
			);
			name = Products;
			sourceTree = "<group>";
		};
		2B9C69EB1D0DA4EC00394456 /* ToDo */ = {
			isa = PBXGroup;
			children = (
				2B9C69EC1D0DA4EC00394456 /* AppDelegate.swift */,
				2B9C69EE1D0DA4EC00394456 /* ViewController.swift */,
				2B9C69F01D0DA4EC00394456 /* Main.storyboard */,
				2B9C69F31D0DA4EC00394456 /* Assets.xcassets */,
				2B9C69F51D0DA4EC00394456 /* LaunchScreen.storyboard */,
				2B9C69F81D0DA4EC00394456 /* Info.plist */,
				2B9C69FE1D0DA5E700394456 /* AllLists.swift */,
				2B9C6A001D0DA62600394456 /* List.swift */,
				2B9C6A021D0DA66B00394456 /* AddNewItem.swift */,
				2B9C6A041D0DAA3600394456 /* ToDoList.swift */,
				2B9C6A061D0DAB5B00394456 /* ToDoItem.swift */,
				2B9C6A421D174D0700394456 /* GoogleService-Info.plist */,
			);
			path = ToDo;
			sourceTree = "<group>";
		};
		8A95E37EA4C54A938925E05F /* Pods */ = {
			isa = PBXGroup;
			children = (
				038B22875CB3B27518A277A8 /* Pods-ToDo.debug.xcconfig */,
				118C134BEA0CD228BD402F12 /* Pods-ToDo.release.xcconfig */,
			);
			name = Pods;
			sourceTree = "<group>";
		};
		931907D0B8376D8711164719 /* Frameworks */ = {
			isa = PBXGroup;
			children = (
				F0A26E59211BA4B17F5B8E97 /* Pods_ToDo.framework */,
			);
			name = Frameworks;
			sourceTree = "<group>";
		};
/* End PBXGroup section */

/* Begin PBXNativeTarget section */
		2B9C69E81D0DA4EC00394456 /* ToDo */ = {
			isa = PBXNativeTarget;
			buildConfigurationList = 2B9C69FB1D0DA4EC00394456 /* Build configuration list for PBXNativeTarget "ToDo" */;
			buildPhases = (
				C1E1FCCA5A113FC216C08982 /* [CP] Check Pods Manifest.lock */,
				2B9C69E51D0DA4EC00394456 /* Sources */,
				2B9C69E61D0DA4EC00394456 /* Frameworks */,
				2B9C69E71D0DA4EC00394456 /* Resources */,
				7E4BA060744BA9A52964982A /* [CP] Embed Pods Frameworks */,
				94833C3ECEFE8CEE613A4004 /* [CP] Copy Pods Resources */,
			);
			buildRules = (
			);
			dependencies = (
			);
			name = ToDo;
			productName = ToDo;
			productReference = 2B9C69E91D0DA4EC00394456 /* ToDo.app */;
			productType = "com.apple.product-type.application";
		};
/* End PBXNativeTarget section */

/* Begin PBXProject section */
		2B9C69E11D0DA4EC00394456 /* Project object */ = {
			isa = PBXProject;
			attributes = {
				LastSwiftUpdateCheck = 0730;
				LastUpgradeCheck = 0730;
				ORGANIZATIONNAME = cssummer16;
				TargetAttributes = {
					2B9C69E81D0DA4EC00394456 = {
						CreatedOnToolsVersion = 7.3.1;
						DevelopmentTeam = CQFT532J67;
					};
				};
			};
			buildConfigurationList = 2B9C69E41D0DA4EC00394456 /* Build configuration list for PBXProject "ToDo" */;
			compatibilityVersion = "Xcode 3.2";
			developmentRegion = English;
			hasScannedForEncodings = 0;
			knownRegions = (
				en,
				Base,
			);
			mainGroup = 2B9C69E01D0DA4EC00394456;
			productRefGroup = 2B9C69EA1D0DA4EC00394456 /* Products */;
			projectDirPath = "";
			projectRoot = "";
			targets = (
				2B9C69E81D0DA4EC00394456 /* ToDo */,
			);
		};
/* End PBXProject section */

/* Begin PBXResourcesBuildPhase section */
		2B9C69E71D0DA4EC00394456 /* Resources */ = {
			isa = PBXResourcesBuildPhase;
			buildActionMask = 2147483647;
			files = (
				2B9C69F71D0DA4EC00394456 /* LaunchScreen.storyboard in Resources */,
				2B9C69F41D0DA4EC00394456 /* Assets.xcassets in Resources */,
				2B9C69F21D0DA4EC00394456 /* Main.storyboard in Resources */,
				2B9C6A431D174D0700394456 /* GoogleService-Info.plist in Resources */,
			);
			runOnlyForDeploymentPostprocessing = 0;
		};
/* End PBXResourcesBuildPhase section */

/* Begin PBXShellScriptBuildPhase section */
		7E4BA060744BA9A52964982A /* [CP] Embed Pods Frameworks */ = {
			isa = PBXShellScriptBuildPhase;
			buildActionMask = 2147483647;
			files = (
			);
			inputPaths = (
			);
			name = "[CP] Embed Pods Frameworks";
			outputPaths = (
			);
			runOnlyForDeploymentPostprocessing = 0;
			shellPath = /bin/sh;
			shellScript = "\"${SRCROOT}/Pods/Target Support Files/Pods-ToDo/Pods-ToDo-frameworks.sh\"\n";
			showEnvVarsInLog = 0;
		};
		94833C3ECEFE8CEE613A4004 /* [CP] Copy Pods Resources */ = {
			isa = PBXShellScriptBuildPhase;
			buildActionMask = 2147483647;
			files = (
			);
			inputPaths = (
			);
			name = "[CP] Copy Pods Resources";
			outputPaths = (
			);
			runOnlyForDeploymentPostprocessing = 0;
			shellPath = /bin/sh;
			shellScript = "\"${SRCROOT}/Pods/Target Support Files/Pods-ToDo/Pods-ToDo-resources.sh\"\n";
			showEnvVarsInLog = 0;
		};
		C1E1FCCA5A113FC216C08982 /* [CP] Check Pods Manifest.lock */ = {
			isa = PBXShellScriptBuildPhase;
			buildActionMask = 2147483647;
			files = (
			);
			inputPaths = (
			);
			name = "[CP] Check Pods Manifest.lock";
			outputPaths = (
			);
			runOnlyForDeploymentPostprocessing = 0;
			shellPath = /bin/sh;
			shellScript = "diff \"${PODS_ROOT}/../Podfile.lock\" \"${PODS_ROOT}/Manifest.lock\" > /dev/null\nif [[ $? != 0 ]] ; then\n    cat << EOM\nerror: The sandbox is not in sync with the Podfile.lock. Run 'pod install' or update your CocoaPods installation.\nEOM\n    exit 1\nfi\n";
			showEnvVarsInLog = 0;
		};
/* End PBXShellScriptBuildPhase section */

/* Begin PBXSourcesBuildPhase section */
		2B9C69E51D0DA4EC00394456 /* Sources */ = {
			isa = PBXSourcesBuildPhase;
			buildActionMask = 2147483647;
			files = (
				2B9C6A031D0DA66B00394456 /* AddNewItem.swift in Sources */,
				2B9C6A051D0DAA3600394456 /* ToDoList.swift in Sources */,
				2B9C6A071D0DAB5B00394456 /* ToDoItem.swift in Sources */,
				2B9C69FF1D0DA5E700394456 /* AllLists.swift in Sources */,
				2B9C6A011D0DA62600394456 /* List.swift in Sources */,
				2B9C69EF1D0DA4EC00394456 /* ViewController.swift in Sources */,
				2B9C69ED1D0DA4EC00394456 /* AppDelegate.swift in Sources */,
			);
			runOnlyForDeploymentPostprocessing = 0;
		};
/* End PBXSourcesBuildPhase section */

/* Begin PBXVariantGroup section */
		2B9C69F01D0DA4EC00394456 /* Main.storyboard */ = {
			isa = PBXVariantGroup;
			children = (
				2B9C69F11D0DA4EC00394456 /* Base */,
			);
			name = Main.storyboard;
			sourceTree = "<group>";
		};
		2B9C69F51D0DA4EC00394456 /* LaunchScreen.storyboard */ = {
			isa = PBXVariantGroup;
			children = (
				2B9C69F61D0DA4EC00394456 /* Base */,
			);
			name = LaunchScreen.storyboard;
			sourceTree = "<group>";
		};
/* End PBXVariantGroup section */

/* Begin XCBuildConfiguration section */
		2B9C69F91D0DA4EC00394456 /* Debug */ = {
			isa = XCBuildConfiguration;
			buildSettings = {
				ALWAYS_SEARCH_USER_PATHS = NO;
				CLANG_ANALYZER_NONNULL = YES;
				CLANG_CXX_LANGUAGE_STANDARD = "gnu++0x";
				CLANG_CXX_LIBRARY = "libc++";
				CLANG_ENABLE_MODULES = YES;
				CLANG_ENABLE_OBJC_ARC = YES;
				CLANG_WARN_BOOL_CONVERSION = YES;
				CLANG_WARN_CONSTANT_CONVERSION = YES;
				CLANG_WARN_DIRECT_OBJC_ISA_USAGE = YES_ERROR;
				CLANG_WARN_EMPTY_BODY = YES;
				CLANG_WARN_ENUM_CONVERSION = YES;
				CLANG_WARN_INT_CONVERSION = YES;
				CLANG_WARN_OBJC_ROOT_CLASS = YES_ERROR;
				CLANG_WARN_UNREACHABLE_CODE = YES;
				CLANG_WARN__DUPLICATE_METHOD_MATCH = YES;
				"CODE_SIGN_IDENTITY[sdk=iphoneos*]" = "iPhone Developer";
				COPY_PHASE_STRIP = NO;
				DEBUG_INFORMATION_FORMAT = dwarf;
				ENABLE_STRICT_OBJC_MSGSEND = YES;
				ENABLE_TESTABILITY = YES;
				GCC_C_LANGUAGE_STANDARD = gnu99;
				GCC_DYNAMIC_NO_PIC = NO;
				GCC_NO_COMMON_BLOCKS = YES;
				GCC_OPTIMIZATION_LEVEL = 0;
				GCC_PREPROCESSOR_DEFINITIONS = (
					"DEBUG=1",
					"$(inherited)",
				);
				GCC_WARN_64_TO_32_BIT_CONVERSION = YES;
				GCC_WARN_ABOUT_RETURN_TYPE = YES_ERROR;
				GCC_WARN_UNDECLARED_SELECTOR = YES;
				GCC_WARN_UNINITIALIZED_AUTOS = YES_AGGRESSIVE;
				GCC_WARN_UNUSED_FUNCTION = YES;
				GCC_WARN_UNUSED_VARIABLE = YES;
				IPHONEOS_DEPLOYMENT_TARGET = 9.3;
				MTL_ENABLE_DEBUG_INFO = YES;
				ONLY_ACTIVE_ARCH = YES;
				SDKROOT = iphoneos;
				SWIFT_OPTIMIZATION_LEVEL = "-Onone";
			};
			name = Debug;
		};
		2B9C69FA1D0DA4EC00394456 /* Release */ = {
			isa = XCBuildConfiguration;
			buildSettings = {
				ALWAYS_SEARCH_USER_PATHS = NO;
				CLANG_ANALYZER_NONNULL = YES;
				CLANG_CXX_LANGUAGE_STANDARD = "gnu++0x";
				CLANG_CXX_LIBRARY = "libc++";
				CLANG_ENABLE_MODULES = YES;
				CLANG_ENABLE_OBJC_ARC = YES;
				CLANG_WARN_BOOL_CONVERSION = YES;
				CLANG_WARN_CONSTANT_CONVERSION = YES;
				CLANG_WARN_DIRECT_OBJC_ISA_USAGE = YES_ERROR;
				CLANG_WARN_EMPTY_BODY = YES;
				CLANG_WARN_ENUM_CONVERSION = YES;
				CLANG_WARN_INT_CONVERSION = YES;
				CLANG_WARN_OBJC_ROOT_CLASS = YES_ERROR;
				CLANG_WARN_UNREACHABLE_CODE = YES;
				CLANG_WARN__DUPLICATE_METHOD_MATCH = YES;
				"CODE_SIGN_IDENTITY[sdk=iphoneos*]" = "iPhone Developer";
				COPY_PHASE_STRIP = NO;
				DEBUG_INFORMATION_FORMAT = "dwarf-with-dsym";
				ENABLE_NS_ASSERTIONS = NO;
				ENABLE_STRICT_OBJC_MSGSEND = YES;
				GCC_C_LANGUAGE_STANDARD = gnu99;
				GCC_NO_COMMON_BLOCKS = YES;
				GCC_WARN_64_TO_32_BIT_CONVERSION = YES;
				GCC_WARN_ABOUT_RETURN_TYPE = YES_ERROR;
				GCC_WARN_UNDECLARED_SELECTOR = YES;
				GCC_WARN_UNINITIALIZED_AUTOS = YES_AGGRESSIVE;
				GCC_WARN_UNUSED_FUNCTION = YES;
				GCC_WARN_UNUSED_VARIABLE = YES;
				IPHONEOS_DEPLOYMENT_TARGET = 9.3;
				MTL_ENABLE_DEBUG_INFO = NO;
				SDKROOT = iphoneos;
				VALIDATE_PRODUCT = YES;
			};
			name = Release;
		};
		2B9C69FC1D0DA4EC00394456 /* Debug */ = {
			isa = XCBuildConfiguration;
			baseConfigurationReference = 038B22875CB3B27518A277A8 /* Pods-ToDo.debug.xcconfig */;
			buildSettings = {
				ASSETCATALOG_COMPILER_APPICON_NAME = AppIcon;
				CODE_SIGN_IDENTITY = "iPhone Developer";
				"CODE_SIGN_IDENTITY[sdk=iphoneos*]" = "iPhone Developer";
				INFOPLIST_FILE = ToDo/Info.plist;
				LD_RUNPATH_SEARCH_PATHS = "$(inherited) @executable_path/Frameworks";
				PRODUCT_BUNDLE_IDENTIFIER = com.thisisawesome.ToDo;
				PRODUCT_NAME = "$(TARGET_NAME)";
				PROVISIONING_PROFILE = "";
			};
			name = Debug;
		};
		2B9C69FD1D0DA4EC00394456 /* Release */ = {
			isa = XCBuildConfiguration;
			baseConfigurationReference = 118C134BEA0CD228BD402F12 /* Pods-ToDo.release.xcconfig */;
			buildSettings = {
				ASSETCATALOG_COMPILER_APPICON_NAME = AppIcon;
				CODE_SIGN_IDENTITY = "iPhone Developer";
				"CODE_SIGN_IDENTITY[sdk=iphoneos*]" = "iPhone Developer";
				INFOPLIST_FILE = ToDo/Info.plist;
				LD_RUNPATH_SEARCH_PATHS = "$(inherited) @executable_path/Frameworks";
				PRODUCT_BUNDLE_IDENTIFIER = com.thisisawesome.ToDo;
				PRODUCT_NAME = "$(TARGET_NAME)";
				PROVISIONING_PROFILE = "";
			};
			name = Release;
		};
/* End XCBuildConfiguration section */

/* Begin XCConfigurationList section */
		2B9C69E41D0DA4EC00394456 /* Build configuration list for PBXProject "ToDo" */ = {
			isa = XCConfigurationList;
			buildConfigurations = (
				2B9C69F91D0DA4EC00394456 /* Debug */,
				2B9C69FA1D0DA4EC00394456 /* Release */,
			);
			defaultConfigurationIsVisible = 0;
			defaultConfigurationName = Release;
		};
		2B9C69FB1D0DA4EC00394456 /* Build configuration list for PBXNativeTarget "ToDo" */ = {
			isa = XCConfigurationList;
			buildConfigurations = (
				2B9C69FC1D0DA4EC00394456 /* Debug */,
				2B9C69FD1D0DA4EC00394456 /* Release */,
			);
			defaultConfigurationIsVisible = 0;
			defaultConfigurationName = Release;
		};
/* End XCConfigurationList section */
	};
	rootObject = 2B9C69E11D0DA4EC00394456 /* Project object */;
}
